
Microsoft Visual Studio Solution File, Format Version 12.00
# Visual Studio Version 17
VisualStudioVersion = 17.7.34221.43
MinimumVisualStudioVersion = 10.0.40219.1
Project("{FAE04EC0-301F-11D3-BF4B-00C04F79EFBC}") = "PharmacySystem", "PharmacySystem\PharmacySystem.csproj", "{07D22056-CBA9-44F7-B48C-C3F045944CDC}"
EndProject
Global
	GlobalSection(SolutionConfigurationPlatforms) = preSolution
		Debug|Any CPU = Debug|Any CPU
		Release|Any CPU = Release|Any CPU
	EndGlobalSection
	GlobalSection(ProjectConfigurationPlatforms) = postSolution
		{07D22056-CBA9-44F7-B48C-C3F045944CDC}.Debug|Any CPU.ActiveCfg = Debug|Any CPU
		{07D22056-CBA9-44F7-B48C-C3F045944CDC}.Debug|Any CPU.Build.0 = Debug|Any CPU
		{07D22056-CBA9-44F7-B48C-C3F045944CDC}.Release|Any CPU.ActiveCfg = Release|Any CPU
		{07D22056-CBA9-44F7-B48C-C3F045944CDC}.Release|Any CPU.Build.0 = Release|Any CPU
	EndGlobalSection
	GlobalSection(SolutionProperties) = preSolution
		HideSolutionNode = FALSE
	EndGlobalSection
	GlobalSection(ExtensibilityGlobals) = postSolution
		SolutionGuid = {17B7C6A7-2CDC-47A1-BBB3-742AFED8AA60}
	EndGlobalSection
EndGlobal
